{
	"name": "@amzn/test-generator",
	"version": "0.2.0",
	"lockfileVersion": 1,
	"requires": true,
	"dependencies": {
		"@types/node": {
			"version": "15.12.5",
			"resolved": "https://registry.npmjs.org/@types/node/-/node-15.12.5.tgz",
			"integrity": "sha512-se3yX7UHv5Bscf8f1ERKvQOD6sTyycH3hdaoozvaLxgUiY5lIGEeH37AD0G0Qi9kPqihPn0HOfd2yaIEN9VwEg=="
		},
		"loglevel": {
			"version": "1.7.1",
			"resolved": "https://registry.npmjs.org/loglevel/-/loglevel-1.7.1.tgz",
			"integrity": "sha512-Hesni4s5UkWkwCGJMQGAh71PaLUmKFM60dHvq0zi/vDhhrzuk+4GgNbTXJ12YYQJn6ZKBDNIjYcuQGKudvqrIw=="
		},
		"typescript": {
			"version": "4.3.4",
			"resolved": "https://registry.npmjs.org/typescript/-/typescript-4.3.4.tgz",
			"integrity": "sha512-uauPG7XZn9F/mo+7MrsRjyvbxFpzemRjKEZXS4AK83oP2KKOJPvb+9cO/gmnv8arWZvhnjVOXz7B49m1l0e9Ew=="
		}
	}
}
